
Microsoft Visual Studio Solution File, Format Version 12.00
# Visual Studio Version 17
VisualStudioVersion = 17.0.32112.339
MinimumVisualStudioVersion = 10.0.40219.1
Project("{FAE04EC0-301F-11D3-BF4B-00C04F79EFBC}") = "BestOil_Winforms__4", "BestOil_Winforms__4\BestOil_Winforms__4.csproj", "{82591A89-374B-4D03-BF25-D97BA6F2C022}"
EndProject
Global
	GlobalSection(SolutionConfigurationPlatforms) = preSolution
		Debug|Any CPU = Debug|Any CPU
		Release|Any CPU = Release|Any CPU
	EndGlobalSection
	GlobalSection(ProjectConfigurationPlatforms) = postSolution
		{82591A89-374B-4D03-BF25-D97BA6F2C022}.Debug|Any CPU.ActiveCfg = Debug|Any CPU
		{82591A89-374B-4D03-BF25-D97BA6F2C022}.Debug|Any CPU.Build.0 = Debug|Any CPU
		{82591A89-374B-4D03-BF25-D97BA6F2C022}.Release|Any CPU.ActiveCfg = Release|Any CPU
		{82591A89-374B-4D03-BF25-D97BA6F2C022}.Release|Any CPU.Build.0 = Release|Any CPU
	EndGlobalSection
	GlobalSection(SolutionProperties) = preSolution
		HideSolutionNode = FALSE
	EndGlobalSection
	GlobalSection(ExtensibilityGlobals) = postSolution
		SolutionGuid = {7AFDFBD5-8464-4430-BAA7-D0431CFF0F51}
	EndGlobalSection
EndGlobal
